{
  "name": "LR-6",
  "lockfileVersion": 3,
  "requires": true,
  "packages": {
    "": {
      "dependencies": {
        "m0604_supermegailyaedit": "^1.0.0",
        "nodemailer": "^6.9.1"
      }
    },
    "node_modules/m0604_supermegailyaedit": {
      "version": "1.0.0",
      "resolved": "https://registry.npmjs.org/m0604_supermegailyaedit/-/m0604_supermegailyaedit-1.0.0.tgz",
      "integrity": "sha512-80BBw93nPJ9nC8LScRmdGHZ7tdfA+khTDy17om9decqRjnn2Wm6bZh2Pt0D2yL6fuOz/DX2uZcPeaN273clvSw=="
    },
    "node_modules/nodemailer": {
      "version": "6.9.1",
      "resolved": "https://registry.npmjs.org/nodemailer/-/nodemailer-6.9.1.tgz",
      "integrity": "sha512-qHw7dOiU5UKNnQpXktdgQ1d3OFgRAekuvbJLcdG5dnEo/GtcTHRYM7+UfJARdOFU9WUQO8OiIamgWPmiSFHYAA==",
      "engines": {
        "node": ">=6.0.0"
      }
    }
  }
}
